
Microsoft Visual Studio Solution File, Format Version 12.00
# Visual Studio Version 17
VisualStudioVersion = 17.10.34707.107
MinimumVisualStudioVersion = 10.0.40219.1
Project("{9A19103F-16F7-4668-BE54-9A1E7A4F7556}") = "FFClient.Avalonia", "FFClient.Avalonia\FFClient.Avalonia.csproj", "{61172E5A-19AA-421D-A4B0-71D7CD2AA941}"
EndProject
Project("{9A19103F-16F7-4668-BE54-9A1E7A4F7556}") = "FFClient.Avalonia.Desktop", "FFClient.Avalonia.Desktop\FFClient.Avalonia.Desktop.csproj", "{7465DCC0-4457-46CF-9D8A-29A271411EE0}"
EndProject
Project("{2150E333-8FDC-42A3-9474-1A3956D46DE8}") = "解决方案项", "解决方案项", "{77751DA2-F285-41CD-AAEB-0AC28EEBF005}"
	ProjectSection(SolutionItems) = preProject
		Directory.Build.props = Directory.Build.props
	EndProjectSection
EndProject
Global
	GlobalSection(SolutionConfigurationPlatforms) = preSolution
		Debug|Any CPU = Debug|Any CPU
		Release|Any CPU = Release|Any CPU
	EndGlobalSection
	GlobalSection(ProjectConfigurationPlatforms) = postSolution
		{61172E5A-19AA-421D-A4B0-71D7CD2AA941}.Debug|Any CPU.ActiveCfg = Debug|Any CPU
		{61172E5A-19AA-421D-A4B0-71D7CD2AA941}.Debug|Any CPU.Build.0 = Debug|Any CPU
		{61172E5A-19AA-421D-A4B0-71D7CD2AA941}.Release|Any CPU.ActiveCfg = Release|Any CPU
		{61172E5A-19AA-421D-A4B0-71D7CD2AA941}.Release|Any CPU.Build.0 = Release|Any CPU
		{7465DCC0-4457-46CF-9D8A-29A271411EE0}.Debug|Any CPU.ActiveCfg = Debug|Any CPU
		{7465DCC0-4457-46CF-9D8A-29A271411EE0}.Debug|Any CPU.Build.0 = Debug|Any CPU
		{7465DCC0-4457-46CF-9D8A-29A271411EE0}.Release|Any CPU.ActiveCfg = Release|Any CPU
		{7465DCC0-4457-46CF-9D8A-29A271411EE0}.Release|Any CPU.Build.0 = Release|Any CPU
	EndGlobalSection
	GlobalSection(SolutionProperties) = preSolution
		HideSolutionNode = FALSE
	EndGlobalSection
	GlobalSection(ExtensibilityGlobals) = postSolution
		SolutionGuid = {A4EC63DF-1023-4394-89A0-A387FBD9519B}
	EndGlobalSection
EndGlobal
